// !$*UTF8*$!
{
	archiveVersion = 1;
	classes = {
	};
	objectVersion = 56;
	objects = {

/* Begin PBXBuildFile section */
		34805426293FAF3D007CD70C /* AppDelegate.swift in Sources */ = {isa = PBXBuildFile; fileRef = 34805425293FAF3D007CD70C /* AppDelegate.swift */; };
		34805428293FAF3D007CD70C /* SceneDelegate.swift in Sources */ = {isa = PBXBuildFile; fileRef = 34805427293FAF3D007CD70C /* SceneDelegate.swift */; };
		3480542A293FAF3D007CD70C /* ViewController.swift in Sources */ = {isa = PBXBuildFile; fileRef = 34805429293FAF3D007CD70C /* ViewController.swift */; };
		3480542F293FAF3F007CD70C /* Assets.xcassets in Resources */ = {isa = PBXBuildFile; fileRef = 3480542E293FAF3F007CD70C /* Assets.xcassets */; };
		34805432293FAF3F007CD70C /* LaunchScreen.storyboard in Resources */ = {isa = PBXBuildFile; fileRef = 34805430293FAF3F007CD70C /* LaunchScreen.storyboard */; };
		34805441293FB026007CD70C /* HomePresenter.swift in Sources */ = {isa = PBXBuildFile; fileRef = 3480543A293FB026007CD70C /* HomePresenter.swift */; };
		34805442293FB026007CD70C /* HomeLocalDataManager.swift in Sources */ = {isa = PBXBuildFile; fileRef = 3480543B293FB026007CD70C /* HomeLocalDataManager.swift */; };
		34805443293FB026007CD70C /* HomeProtocols.swift in Sources */ = {isa = PBXBuildFile; fileRef = 3480543C293FB026007CD70C /* HomeProtocols.swift */; };
		34805444293FB026007CD70C /* HomeInteractor.swift in Sources */ = {isa = PBXBuildFile; fileRef = 3480543D293FB026007CD70C /* HomeInteractor.swift */; };
		34805445293FB026007CD70C /* HomeView.swift in Sources */ = {isa = PBXBuildFile; fileRef = 3480543E293FB026007CD70C /* HomeView.swift */; };
		34805446293FB026007CD70C /* HomeRemoteDataManager.swift in Sources */ = {isa = PBXBuildFile; fileRef = 3480543F293FB026007CD70C /* HomeRemoteDataManager.swift */; };
		34805447293FB026007CD70C /* HomeWireFrame.swift in Sources */ = {isa = PBXBuildFile; fileRef = 34805440293FB026007CD70C /* HomeWireFrame.swift */; };
/* End PBXBuildFile section */

/* Begin PBXFileReference section */
		34805422293FAF3D007CD70C /* Amiibo_Viper.app */ = {isa = PBXFileReference; explicitFileType = wrapper.application; includeInIndex = 0; path = Amiibo_Viper.app; sourceTree = BUILT_PRODUCTS_DIR; };
		34805425293FAF3D007CD70C /* AppDelegate.swift */ = {isa = PBXFileReference; lastKnownFileType = sourcecode.swift; path = AppDelegate.swift; sourceTree = "<group>"; };
		34805427293FAF3D007CD70C /* SceneDelegate.swift */ = {isa = PBXFileReference; lastKnownFileType = sourcecode.swift; path = SceneDelegate.swift; sourceTree = "<group>"; };
		34805429293FAF3D007CD70C /* ViewController.swift */ = {isa = PBXFileReference; lastKnownFileType = sourcecode.swift; path = ViewController.swift; sourceTree = "<group>"; };
		3480542E293FAF3F007CD70C /* Assets.xcassets */ = {isa = PBXFileReference; lastKnownFileType = folder.assetcatalog; path = Assets.xcassets; sourceTree = "<group>"; };
		34805431293FAF3F007CD70C /* Base */ = {isa = PBXFileReference; lastKnownFileType = file.storyboard; name = Base; path = Base.lproj/LaunchScreen.storyboard; sourceTree = "<group>"; };
		34805433293FAF3F007CD70C /* Info.plist */ = {isa = PBXFileReference; lastKnownFileType = text.plist.xml; path = Info.plist; sourceTree = "<group>"; };
		3480543A293FB026007CD70C /* HomePresenter.swift */ = {isa = PBXFileReference; lastKnownFileType = sourcecode.swift; path = HomePresenter.swift; sourceTree = "<group>"; };
		3480543B293FB026007CD70C /* HomeLocalDataManager.swift */ = {isa = PBXFileReference; lastKnownFileType = sourcecode.swift; path = HomeLocalDataManager.swift; sourceTree = "<group>"; };
		3480543C293FB026007CD70C /* HomeProtocols.swift */ = {isa = PBXFileReference; lastKnownFileType = sourcecode.swift; path = HomeProtocols.swift; sourceTree = "<group>"; };
		3480543D293FB026007CD70C /* HomeInteractor.swift */ = {isa = PBXFileReference; lastKnownFileType = sourcecode.swift; path = HomeInteractor.swift; sourceTree = "<group>"; };
		3480543E293FB026007CD70C /* HomeView.swift */ = {isa = PBXFileReference; lastKnownFileType = sourcecode.swift; path = HomeView.swift; sourceTree = "<group>"; };
		3480543F293FB026007CD70C /* HomeRemoteDataManager.swift */ = {isa = PBXFileReference; lastKnownFileType = sourcecode.swift; path = HomeRemoteDataManager.swift; sourceTree = "<group>"; };
		34805440293FB026007CD70C /* HomeWireFrame.swift */ = {isa = PBXFileReference; lastKnownFileType = sourcecode.swift; path = HomeWireFrame.swift; sourceTree = "<group>"; };
/* End PBXFileReference section */

/* Begin PBXFrameworksBuildPhase section */
		3480541F293FAF3D007CD70C /* Frameworks */ = {
			isa = PBXFrameworksBuildPhase;
			buildActionMask = 2147483647;
			files = (
			);
			runOnlyForDeploymentPostprocessing = 0;
		};
/* End PBXFrameworksBuildPhase section */

/* Begin PBXGroup section */
		34805419293FAF3D007CD70C = {
			isa = PBXGroup;
			children = (
				34805424293FAF3D007CD70C /* Amiibo_Viper */,
				34805423293FAF3D007CD70C /* Products */,
			);
			sourceTree = "<group>";
		};
		34805423293FAF3D007CD70C /* Products */ = {
			isa = PBXGroup;
			children = (
				34805422293FAF3D007CD70C /* Amiibo_Viper.app */,
			);
			name = Products;
			sourceTree = "<group>";
		};
		34805424293FAF3D007CD70C /* Amiibo_Viper */ = {
			isa = PBXGroup;
			children = (
				34805425293FAF3D007CD70C /* AppDelegate.swift */,
				34805427293FAF3D007CD70C /* SceneDelegate.swift */,
				34805429293FAF3D007CD70C /* ViewController.swift */,
				34805439293FAFF8007CD70C /* HomeView */,
				3480542E293FAF3F007CD70C /* Assets.xcassets */,
				34805430293FAF3F007CD70C /* LaunchScreen.storyboard */,
				34805433293FAF3F007CD70C /* Info.plist */,
			);
			path = Amiibo_Viper;
			sourceTree = "<group>";
		};
		34805439293FAFF8007CD70C /* HomeView */ = {
			isa = PBXGroup;
			children = (
				3480543E293FB026007CD70C /* HomeView.swift */,
				3480543D293FB026007CD70C /* HomeInteractor.swift */,
				3480543A293FB026007CD70C /* HomePresenter.swift */,
				3480543B293FB026007CD70C /* HomeLocalDataManager.swift */,
				3480543C293FB026007CD70C /* HomeProtocols.swift */,
				3480543F293FB026007CD70C /* HomeRemoteDataManager.swift */,
				34805440293FB026007CD70C /* HomeWireFrame.swift */,
			);
			path = HomeView;
			sourceTree = "<group>";
		};
/* End PBXGroup section */

/* Begin PBXNativeTarget section */
		34805421293FAF3D007CD70C /* Amiibo_Viper */ = {
			isa = PBXNativeTarget;
			buildConfigurationList = 34805436293FAF3F007CD70C /* Build configuration list for PBXNativeTarget "Amiibo_Viper" */;
			buildPhases = (
				3480541E293FAF3D007CD70C /* Sources */,
				3480541F293FAF3D007CD70C /* Frameworks */,
				34805420293FAF3D007CD70C /* Resources */,
			);
			buildRules = (
			);
			dependencies = (
			);
			name = Amiibo_Viper;
			productName = Amiibo_Viper;
			productReference = 34805422293FAF3D007CD70C /* Amiibo_Viper.app */;
			productType = "com.apple.product-type.application";
		};
/* End PBXNativeTarget section */

/* Begin PBXProject section */
		3480541A293FAF3D007CD70C /* Project object */ = {
			isa = PBXProject;
			attributes = {
				BuildIndependentTargetsInParallel = 1;
				LastSwiftUpdateCheck = 1410;
				LastUpgradeCheck = 1410;
				TargetAttributes = {
					34805421293FAF3D007CD70C = {
						CreatedOnToolsVersion = 14.1;
					};
				};
			};
			buildConfigurationList = 3480541D293FAF3D007CD70C /* Build configuration list for PBXProject "Amiibo_Viper" */;
			compatibilityVersion = "Xcode 14.0";
			developmentRegion = en;
			hasScannedForEncodings = 0;
			knownRegions = (
				en,
				Base,
			);
			mainGroup = 34805419293FAF3D007CD70C;
			productRefGroup = 34805423293FAF3D007CD70C /* Products */;
			projectDirPath = "";
			projectRoot = "";
			targets = (
				34805421293FAF3D007CD70C /* Amiibo_Viper */,
			);
		};
/* End PBXProject section */

/* Begin PBXResourcesBuildPhase section */
		34805420293FAF3D007CD70C /* Resources */ = {
			isa = PBXResourcesBuildPhase;
			buildActionMask = 2147483647;
			files = (
				34805432293FAF3F007CD70C /* LaunchScreen.storyboard in Resources */,
				3480542F293FAF3F007CD70C /* Assets.xcassets in Resources */,
			);
			runOnlyForDeploymentPostprocessing = 0;
		};
/* End PBXResourcesBuildPhase section */

/* Begin PBXSourcesBuildPhase section */
		3480541E293FAF3D007CD70C /* Sources */ = {
			isa = PBXSourcesBuildPhase;
			buildActionMask = 2147483647;
			files = (
				3480542A293FAF3D007CD70C /* ViewController.swift in Sources */,
				34805426293FAF3D007CD70C /* AppDelegate.swift in Sources */,
				34805442293FB026007CD70C /* HomeLocalDataManager.swift in Sources */,
				34805428293FAF3D007CD70C /* SceneDelegate.swift in Sources */,
				34805443293FB026007CD70C /* HomeProtocols.swift in Sources */,
				34805445293FB026007CD70C /* HomeView.swift in Sources */,
				34805446293FB026007CD70C /* HomeRemoteDataManager.swift in Sources */,
				34805441293FB026007CD70C /* HomePresenter.swift in Sources */,
				34805444293FB026007CD70C /* HomeInteractor.swift in Sources */,
				34805447293FB026007CD70C /* HomeWireFrame.swift in Sources */,
			);
			runOnlyForDeploymentPostprocessing = 0;
		};
/* End PBXSourcesBuildPhase section */

/* Begin PBXVariantGroup section */
		34805430293FAF3F007CD70C /* LaunchScreen.storyboard */ = {
			isa = PBXVariantGroup;
			children = (
				34805431293FAF3F007CD70C /* Base */,
			);
			name = LaunchScreen.storyboard;
			sourceTree = "<group>";
		};
/* End PBXVariantGroup section */

/* Begin XCBuildConfiguration section */
		34805434293FAF3F007CD70C /* Debug */ = {
			isa = XCBuildConfiguration;
			buildSettings = {
				ALWAYS_SEARCH_USER_PATHS = NO;
				CLANG_ANALYZER_NONNULL = YES;
				CLANG_ANALYZER_NUMBER_OBJECT_CONVERSION = YES_AGGRESSIVE;
				CLANG_CXX_LANGUAGE_STANDARD = "gnu++20";
				CLANG_ENABLE_MODULES = YES;
				CLANG_ENABLE_OBJC_ARC = YES;
				CLANG_ENABLE_OBJC_WEAK = YES;
				CLANG_WARN_BLOCK_CAPTURE_AUTORELEASING = YES;
				CLANG_WARN_BOOL_CONVERSION = YES;
				CLANG_WARN_COMMA = YES;
				CLANG_WARN_CONSTANT_CONVERSION = YES;
				CLANG_WARN_DEPRECATED_OBJC_IMPLEMENTATIONS = YES;
				CLANG_WARN_DIRECT_OBJC_ISA_USAGE = YES_ERROR;
				CLANG_WARN_DOCUMENTATION_COMMENTS = YES;
				CLANG_WARN_EMPTY_BODY = YES;
				CLANG_WARN_ENUM_CONVERSION = YES;
				CLANG_WARN_INFINITE_RECURSION = YES;
				CLANG_WARN_INT_CONVERSION = YES;
				CLANG_WARN_NON_LITERAL_NULL_CONVERSION = YES;
				CLANG_WARN_OBJC_IMPLICIT_RETAIN_SELF = YES;
				CLANG_WARN_OBJC_LITERAL_CONVERSION = YES;
				CLANG_WARN_OBJC_ROOT_CLASS = YES_ERROR;
				CLANG_WARN_QUOTED_INCLUDE_IN_FRAMEWORK_HEADER = YES;
				CLANG_WARN_RANGE_LOOP_ANALYSIS = YES;
				CLANG_WARN_STRICT_PROTOTYPES = YES;
				CLANG_WARN_SUSPICIOUS_MOVE = YES;
				CLANG_WARN_UNGUARDED_AVAILABILITY = YES_AGGRESSIVE;
				CLANG_WARN_UNREACHABLE_CODE = YES;
				CLANG_WARN__DUPLICATE_METHOD_MATCH = YES;
				COPY_PHASE_STRIP = NO;
				DEBUG_INFORMATION_FORMAT = dwarf;
				ENABLE_STRICT_OBJC_MSGSEND = YES;
				ENABLE_TESTABILITY = YES;
				GCC_C_LANGUAGE_STANDARD = gnu11;
				GCC_DYNAMIC_NO_PIC = NO;
				GCC_NO_COMMON_BLOCKS = YES;
				GCC_OPTIMIZATION_LEVEL = 0;
				GCC_PREPROCESSOR_DEFINITIONS = (
					"DEBUG=1",
					"$(inherited)",
				);
				GCC_WARN_64_TO_32_BIT_CONVERSION = YES;
				GCC_WARN_ABOUT_RETURN_TYPE = YES_ERROR;
				GCC_WARN_UNDECLARED_SELECTOR = YES;
				GCC_WARN_UNINITIALIZED_AUTOS = YES_AGGRESSIVE;
				GCC_WARN_UNUSED_FUNCTION = YES;
				GCC_WARN_UNUSED_VARIABLE = YES;
				IPHONEOS_DEPLOYMENT_TARGET = 16.1;
				MTL_ENABLE_DEBUG_INFO = INCLUDE_SOURCE;
				MTL_FAST_MATH = YES;
				ONLY_ACTIVE_ARCH = YES;
				SDKROOT = iphoneos;
				SWIFT_ACTIVE_COMPILATION_CONDITIONS = DEBUG;
				SWIFT_OPTIMIZATION_LEVEL = "-Onone";
			};
			name = Debug;
		};
		34805435293FAF3F007CD70C /* Release */ = {
			isa = XCBuildConfiguration;
			buildSettings = {
				ALWAYS_SEARCH_USER_PATHS = NO;
				CLANG_ANALYZER_NONNULL = YES;
				CLANG_ANALYZER_NUMBER_OBJECT_CONVERSION = YES_AGGRESSIVE;
				CLANG_CXX_LANGUAGE_STANDARD = "gnu++20";
				CLANG_ENABLE_MODULES = YES;
				CLANG_ENABLE_OBJC_ARC = YES;
				CLANG_ENABLE_OBJC_WEAK = YES;
				CLANG_WARN_BLOCK_CAPTURE_AUTORELEASING = YES;
				CLANG_WARN_BOOL_CONVERSION = YES;
				CLANG_WARN_COMMA = YES;
				CLANG_WARN_CONSTANT_CONVERSION = YES;
				CLANG_WARN_DEPRECATED_OBJC_IMPLEMENTATIONS = YES;
				CLANG_WARN_DIRECT_OBJC_ISA_USAGE = YES_ERROR;
				CLANG_WARN_DOCUMENTATION_COMMENTS = YES;
				CLANG_WARN_EMPTY_BODY = YES;
				CLANG_WARN_ENUM_CONVERSION = YES;
				CLANG_WARN_INFINITE_RECURSION = YES;
				CLANG_WARN_INT_CONVERSION = YES;
				CLANG_WARN_NON_LITERAL_NULL_CONVERSION = YES;
				CLANG_WARN_OBJC_IMPLICIT_RETAIN_SELF = YES;
				CLANG_WARN_OBJC_LITERAL_CONVERSION = YES;
				CLANG_WARN_OBJC_ROOT_CLASS = YES_ERROR;
				CLANG_WARN_QUOTED_INCLUDE_IN_FRAMEWORK_HEADER = YES;
				CLANG_WARN_RANGE_LOOP_ANALYSIS = YES;
				CLANG_WARN_STRICT_PROTOTYPES = YES;
				CLANG_WARN_SUSPICIOUS_MOVE = YES;
				CLANG_WARN_UNGUARDED_AVAILABILITY = YES_AGGRESSIVE;
				CLANG_WARN_UNREACHABLE_CODE = YES;
				CLANG_WARN__DUPLICATE_METHOD_MATCH = YES;
				COPY_PHASE_STRIP = NO;
				DEBUG_INFORMATION_FORMAT = "dwarf-with-dsym";
				ENABLE_NS_ASSERTIONS = NO;
				ENABLE_STRICT_OBJC_MSGSEND = YES;
				GCC_C_LANGUAGE_STANDARD = gnu11;
				GCC_NO_COMMON_BLOCKS = YES;
				GCC_WARN_64_TO_32_BIT_CONVERSION = YES;
				GCC_WARN_ABOUT_RETURN_TYPE = YES_ERROR;
				GCC_WARN_UNDECLARED_SELECTOR = YES;
				GCC_WARN_UNINITIALIZED_AUTOS = YES_AGGRESSIVE;
				GCC_WARN_UNUSED_FUNCTION = YES;
				GCC_WARN_UNUSED_VARIABLE = YES;
				IPHONEOS_DEPLOYMENT_TARGET = 16.1;
				MTL_ENABLE_DEBUG_INFO = NO;
				MTL_FAST_MATH = YES;
				SDKROOT = iphoneos;
				SWIFT_COMPILATION_MODE = wholemodule;
				SWIFT_OPTIMIZATION_LEVEL = "-O";
				VALIDATE_PRODUCT = YES;
			};
			name = Release;
		};
		34805437293FAF3F007CD70C /* Debug */ = {
			isa = XCBuildConfiguration;
			buildSettings = {
				ASSETCATALOG_COMPILER_APPICON_NAME = AppIcon;
				ASSETCATALOG_COMPILER_GLOBAL_ACCENT_COLOR_NAME = AccentColor;
				CODE_SIGN_STYLE = Automatic;
				CURRENT_PROJECT_VERSION = 1;
				GENERATE_INFOPLIST_FILE = YES;
				INFOPLIST_FILE = Amiibo_Viper/Info.plist;
				INFOPLIST_KEY_UIApplicationSupportsIndirectInputEvents = YES;
				INFOPLIST_KEY_UILaunchStoryboardName = LaunchScreen;
				INFOPLIST_KEY_UISupportedInterfaceOrientations_iPad = "UIInterfaceOrientationPortrait UIInterfaceOrientationPortraitUpsideDown UIInterfaceOrientationLandscapeLeft UIInterfaceOrientationLandscapeRight";
				INFOPLIST_KEY_UISupportedInterfaceOrientations_iPhone = "UIInterfaceOrientationPortrait UIInterfaceOrientationLandscapeLeft UIInterfaceOrientationLandscapeRight";
				IPHONEOS_DEPLOYMENT_TARGET = 15.0;
				LD_RUNPATH_SEARCH_PATHS = (
					"$(inherited)",
					"@executable_path/Frameworks",
				);
				MARKETING_VERSION = 1.0;
				PRODUCT_BUNDLE_IDENTIFIER = "com.quarantasis.Amiibo-Viper";
				PRODUCT_NAME = "$(TARGET_NAME)";
				SWIFT_EMIT_LOC_STRINGS = YES;
				SWIFT_VERSION = 5.0;
				TARGETED_DEVICE_FAMILY = "1,2";
			};
			name = Debug;
		};
		34805438293FAF3F007CD70C /* Release */ = {
			isa = XCBuildConfiguration;
			buildSettings = {
				ASSETCATALOG_COMPILER_APPICON_NAME = AppIcon;
				ASSETCATALOG_COMPILER_GLOBAL_ACCENT_COLOR_NAME = AccentColor;
				CODE_SIGN_STYLE = Automatic;
				CURRENT_PROJECT_VERSION = 1;
				GENERATE_INFOPLIST_FILE = YES;
				INFOPLIST_FILE = Amiibo_Viper/Info.plist;
				INFOPLIST_KEY_UIApplicationSupportsIndirectInputEvents = YES;
				INFOPLIST_KEY_UILaunchStoryboardName = LaunchScreen;
				INFOPLIST_KEY_UISupportedInterfaceOrientations_iPad = "UIInterfaceOrientationPortrait UIInterfaceOrientationPortraitUpsideDown UIInterfaceOrientationLandscapeLeft UIInterfaceOrientationLandscapeRight";
				INFOPLIST_KEY_UISupportedInterfaceOrientations_iPhone = "UIInterfaceOrientationPortrait UIInterfaceOrientationLandscapeLeft UIInterfaceOrientationLandscapeRight";
				IPHONEOS_DEPLOYMENT_TARGET = 15.0;
				LD_RUNPATH_SEARCH_PATHS = (
					"$(inherited)",
					"@executable_path/Frameworks",
				);
				MARKETING_VERSION = 1.0;
				PRODUCT_BUNDLE_IDENTIFIER = "com.quarantasis.Amiibo-Viper";
				PRODUCT_NAME = "$(TARGET_NAME)";
				SWIFT_EMIT_LOC_STRINGS = YES;
				SWIFT_VERSION = 5.0;
				TARGETED_DEVICE_FAMILY = "1,2";
			};
			name = Release;
		};
/* End XCBuildConfiguration section */

/* Begin XCConfigurationList section */
		3480541D293FAF3D007CD70C /* Build configuration list for PBXProject "Amiibo_Viper" */ = {
			isa = XCConfigurationList;
			buildConfigurations = (
				34805434293FAF3F007CD70C /* Debug */,
				34805435293FAF3F007CD70C /* Release */,
			);
			defaultConfigurationIsVisible = 0;
			defaultConfigurationName = Release;
		};
		34805436293FAF3F007CD70C /* Build configuration list for PBXNativeTarget "Amiibo_Viper" */ = {
			isa = XCConfigurationList;
			buildConfigurations = (
				34805437293FAF3F007CD70C /* Debug */,
				34805438293FAF3F007CD70C /* Release */,
			);
			defaultConfigurationIsVisible = 0;
			defaultConfigurationName = Release;
		};
/* End XCConfigurationList section */
	};
	rootObject = 3480541A293FAF3D007CD70C /* Project object */;
}
